Microsoft Visual Studio Solution File, Format Version 7.00
Project("{8BC9CEB8-8B4A-11D0-8D11-00A0C91BC942}") = "Zone", "Zone\Zone.vcproj", "{9BD4E179-5FC4-466A-ACC9-E9E19C616D9B}"
EndProject
Project("{8BC9CEB8-8B4A-11D0-8D11-00A0C91BC942}") = "World", "world\World.vcproj", "{4961B640-C99F-4A69-8BF2-4A40A13F919C}"
EndProject
Project("{8BC9CEB8-8B4A-11D0-8D11-00A0C91BC942}") = "EMuShareMem", "EMuShareMem\EMuShareMem.vcproj", "{76650C30-E6C6-4A21-AC4D-C7106D352FA9}"
EndProject
Global
	GlobalSection(SolutionConfiguration) = preSolution
		ConfigName.0 = Debug
		ConfigName.1 = GotFrags
		ConfigName.2 = GuildWars
		ConfigName.3 = GuildWars Debug
		ConfigName.4 = MiniLogin
		ConfigName.5 = Profiling
		ConfigName.6 = PublicLogin
		ConfigName.7 = Release
		ConfigName.8 = Win9x
	EndGlobalSection
	GlobalSection(ProjectDependencies) = postSolution
	EndGlobalSection
	GlobalSection(ProjectConfiguration) = postSolution
		{9BD4E179-5FC4-466A-ACC9-E9E19C616D9B}.Debug.ActiveCfg = Debug|Win32
		{9BD4E179-5FC4-466A-ACC9-E9E19C616D9B}.Debug.Build.0 = Debug|Win32
		{9BD4E179-5FC4-466A-ACC9-E9E19C616D9B}.GotFrags.ActiveCfg = GotFrags|Win32
		{9BD4E179-5FC4-466A-ACC9-E9E19C616D9B}.GotFrags.Build.0 = GotFrags|Win32
		{9BD4E179-5FC4-466A-ACC9-E9E19C616D9B}.GuildWars.ActiveCfg = GuildWars|Win32
		{9BD4E179-5FC4-466A-ACC9-E9E19C616D9B}.GuildWars.Build.0 = GuildWars|Win32
		{9BD4E179-5FC4-466A-ACC9-E9E19C616D9B}.GuildWars Debug.ActiveCfg = GuildWars Debug|Win32
		{9BD4E179-5FC4-466A-ACC9-E9E19C616D9B}.GuildWars Debug.Build.0 = GuildWars Debug|Win32
		{9BD4E179-5FC4-466A-ACC9-E9E19C616D9B}.MiniLogin.ActiveCfg = Release|Win32
		{9BD4E179-5FC4-466A-ACC9-E9E19C616D9B}.MiniLogin.Build.0 = Release|Win32
		{9BD4E179-5FC4-466A-ACC9-E9E19C616D9B}.Profiling.ActiveCfg = Profiling|Win32
		{9BD4E179-5FC4-466A-ACC9-E9E19C616D9B}.Profiling.Build.0 = Profiling|Win32
		{9BD4E179-5FC4-466A-ACC9-E9E19C616D9B}.PublicLogin.ActiveCfg = Profiling|Win32
		{9BD4E179-5FC4-466A-ACC9-E9E19C616D9B}.Release.ActiveCfg = Release|Win32
		{9BD4E179-5FC4-466A-ACC9-E9E19C616D9B}.Release.Build.0 = Release|Win32
		{9BD4E179-5FC4-466A-ACC9-E9E19C616D9B}.Win9x.ActiveCfg = Win9x|Win32
		{9BD4E179-5FC4-466A-ACC9-E9E19C616D9B}.Win9x.Build.0 = Win9x|Win32
		{4961B640-C99F-4A69-8BF2-4A40A13F919C}.Debug.ActiveCfg = Debug|Win32
		{4961B640-C99F-4A69-8BF2-4A40A13F919C}.Debug.Build.0 = Debug|Win32
		{4961B640-C99F-4A69-8BF2-4A40A13F919C}.GotFrags.ActiveCfg = GotFrags|Win32
		{4961B640-C99F-4A69-8BF2-4A40A13F919C}.GotFrags.Build.0 = GotFrags|Win32
		{4961B640-C99F-4A69-8BF2-4A40A13F919C}.GuildWars.ActiveCfg = GotFrags|Win32
		{4961B640-C99F-4A69-8BF2-4A40A13F919C}.GuildWars.Build.0 = GotFrags|Win32
		{4961B640-C99F-4A69-8BF2-4A40A13F919C}.GuildWars Debug.ActiveCfg = Debug|Win32
		{4961B640-C99F-4A69-8BF2-4A40A13F919C}.GuildWars Debug.Build.0 = Debug|Win32
		{4961B640-C99F-4A69-8BF2-4A40A13F919C}.MiniLogin.ActiveCfg = Profiling|Win32
		{4961B640-C99F-4A69-8BF2-4A40A13F919C}.MiniLogin.Build.0 = Profiling|Win32
		{4961B640-C99F-4A69-8BF2-4A40A13F919C}.Profiling.ActiveCfg = Profiling|Win32
		{4961B640-C99F-4A69-8BF2-4A40A13F919C}.Profiling.Build.0 = Profiling|Win32
		{4961B640-C99F-4A69-8BF2-4A40A13F919C}.PublicLogin.ActiveCfg = Profiling|Win32
		{4961B640-C99F-4A69-8BF2-4A40A13F919C}.PublicLogin.Build.0 = Profiling|Win32
		{4961B640-C99F-4A69-8BF2-4A40A13F919C}.Release.ActiveCfg = Release|Win32
		{4961B640-C99F-4A69-8BF2-4A40A13F919C}.Release.Build.0 = Release|Win32
		{4961B640-C99F-4A69-8BF2-4A40A13F919C}.Win9x.ActiveCfg = Profiling|Win32
		{4961B640-C99F-4A69-8BF2-4A40A13F919C}.Win9x.Build.0 = Profiling|Win32
		{76650C30-E6C6-4A21-AC4D-C7106D352FA9}.Debug.ActiveCfg = Debug|Win32
		{76650C30-E6C6-4A21-AC4D-C7106D352FA9}.Debug.Build.0 = Debug|Win32
		{76650C30-E6C6-4A21-AC4D-C7106D352FA9}.GotFrags.ActiveCfg = Release|Win32
		{76650C30-E6C6-4A21-AC4D-C7106D352FA9}.GotFrags.Build.0 = Release|Win32
		{76650C30-E6C6-4A21-AC4D-C7106D352FA9}.GuildWars.ActiveCfg = Release|Win32
		{76650C30-E6C6-4A21-AC4D-C7106D352FA9}.GuildWars.Build.0 = Release|Win32
		{76650C30-E6C6-4A21-AC4D-C7106D352FA9}.GuildWars Debug.ActiveCfg = Debug|Win32
		{76650C30-E6C6-4A21-AC4D-C7106D352FA9}.GuildWars Debug.Build.0 = Debug|Win32
		{76650C30-E6C6-4A21-AC4D-C7106D352FA9}.MiniLogin.ActiveCfg = Release|Win32
		{76650C30-E6C6-4A21-AC4D-C7106D352FA9}.MiniLogin.Build.0 = Release|Win32
		{76650C30-E6C6-4A21-AC4D-C7106D352FA9}.Profiling.ActiveCfg = Release|Win32
		{76650C30-E6C6-4A21-AC4D-C7106D352FA9}.Profiling.Build.0 = Release|Win32
		{76650C30-E6C6-4A21-AC4D-C7106D352FA9}.PublicLogin.ActiveCfg = Release|Win32
		{76650C30-E6C6-4A21-AC4D-C7106D352FA9}.PublicLogin.Build.0 = Release|Win32
		{76650C30-E6C6-4A21-AC4D-C7106D352FA9}.Release.ActiveCfg = Release|Win32
		{76650C30-E6C6-4A21-AC4D-C7106D352FA9}.Release.Build.0 = Release|Win32
		{76650C30-E6C6-4A21-AC4D-C7106D352FA9}.Win9x.ActiveCfg = Release|Win32
		{76650C30-E6C6-4A21-AC4D-C7106D352FA9}.Win9x.Build.0 = Release|Win32
	EndGlobalSection
	GlobalSection(ExtensibilityGlobals) = postSolution
	EndGlobalSection
	GlobalSection(ExtensibilityAddIns) = postSolution
	EndGlobalSection
EndGlobal
